{
  "name": "Frontend",
  "lockfileVersion": 3,
  "requires": true,
  "packages": {
    "": {
      "dependencies": {
        "create-next-app": "^13.4.16"
      }
    },
    "node_modules/create-next-app": {
      "version": "13.4.16",
      "resolved": "https://registry.npmjs.org/create-next-app/-/create-next-app-13.4.16.tgz",
      "integrity": "sha512-DTGeMlUPIoTgcaLUhBEI4DNUJE5ckynBK7r5adInPRg2w3PH9TtGc18bQYIXZeL0CiwwY/+GbZDnSozi3KKE6g==",
      "bin": {
        "create-next-app": "dist/index.js"
      },
      "engines": {
        "node": ">=16.8.0"
      }
    }
  }
}
